# THIS IS AN AUTOGENERATED FILE. DO NOT EDIT THIS FILE DIRECTLY.
# yarn lockfile v1


npm_bump_test@^1.0.0:
  version "1.0.0"
  resolved "https://registry.npmjs.org/npm_bump_test/-/npm_bump_test-1.0.0.tgz#a6b6f48326de2b83b82b62f527a805b07b9fbcbb"
  integrity sha512-nCisX+XpHcrI7yZpM7HxDexQsy48cCNQR29ajHo48QBs7MItF1GrLK2oORnZ3q+ofK2nF8OpfEEdA5LvlJ8tqA==
